
Microsoft Visual Studio Solution File, Format Version 12.00
# Visual Studio Version 16
VisualStudioVersion = 16.0.28803.202
MinimumVisualStudioVersion = 10.0.40219.1
Project("{FAE04EC0-301F-11D3-BF4B-00C04F79EFBC}") = "Spice", "Spice\Spice.csproj", "{19FA39BD-2381-40CB-B307-1D9E71E11E39}"
EndProject
Global
	GlobalSection(SolutionConfigurationPlatforms) = preSolution
		Debug|Any CPU = Debug|Any CPU
		Release|Any CPU = Release|Any CPU
	EndGlobalSection
	GlobalSection(ProjectConfigurationPlatforms) = postSolution
		{19FA39BD-2381-40CB-B307-1D9E71E11E39}.Debug|Any CPU.ActiveCfg = Debug|Any CPU
		{19FA39BD-2381-40CB-B307-1D9E71E11E39}.Debug|Any CPU.Build.0 = Debug|Any CPU
		{19FA39BD-2381-40CB-B307-1D9E71E11E39}.Release|Any CPU.ActiveCfg = Release|Any CPU
		{19FA39BD-2381-40CB-B307-1D9E71E11E39}.Release|Any CPU.Build.0 = Release|Any CPU
	EndGlobalSection
	GlobalSection(SolutionProperties) = preSolution
		HideSolutionNode = FALSE
	EndGlobalSection
	GlobalSection(ExtensibilityGlobals) = postSolution
		SolutionGuid = {C7D96D0A-42DE-459D-8AF1-5E79BAE6AEA3}
	EndGlobalSection
EndGlobal
